# THIS IS AN AUTOGENERATED FILE. DO NOT EDIT THIS FILE DIRECTLY.
# yarn lockfile v1


"@saber2pr/fp@0.0.7":
  version "0.0.7"
  resolved "https://registry.yarnpkg.com/@saber2pr/fp/-/fp-0.0.7.tgz#9f344c85dc59457db2e68a3740370482e2618ca2"
  integrity sha512-Gis9EIXq3L7o/KVdEJnESab7e4vT4PlrmwzhvtajhQBuFPuH8Eze7LqVaBjcGbak0DRJE5+6yIGzlvMgvPpXVQ==

"@saber2pr/node@^0.2.6":
  version "0.2.6"
  resolved "https://registry.yarnpkg.com/@saber2pr/node/-/node-0.2.6.tgz#499ef8d3135b7fcb7dfe5d45b6baf3e4c3dfbeea"
  integrity sha512-KEGEF/T0ulwFpcpt76vm2sXjvRI1XPT2l9EPscPFBUsfD+RIpp74PHtqdaFQvdcfy9YlcGZcPo2+KfRpowyZ9Q==
  dependencies:
    "@types/node" "^10.12.18"

"@types/node@^10.12.18":
  version "10.14.10"
  resolved "https://registry.yarnpkg.com/@types/node/-/node-10.14.10.tgz#e491484c6060af8d461e12ec81c0da8a3282b8de"
  integrity sha512-V8wj+w2YMNvGuhgl/MA5fmTxgjmVHVoasfIaxMMZJV6Y8Kk+Ydpi1z2whoShDCJ2BuNVoqH/h1hrygnBxkrw/Q==

axios@^0.21.1:
  version "0.21.1"
  resolved "https://registry.yarnpkg.com/axios/-/axios-0.21.1.tgz#22563481962f4d6bde9a76d516ef0e5d3c09b2b8"
  integrity sha512-dKQiRHxGD9PPRIUNIWvZhPTPpl1rf/OxTYKsqKUDjBwYylTvV7SjSHJb9ratfyzM6wCdLCOYLzs73qpg5c4iGA==
  dependencies:
    follow-redirects "^1.10.0"

follow-redirects@^1.10.0:
  version "1.13.1"
  resolved "https://registry.yarnpkg.com/follow-redirects/-/follow-redirects-1.13.1.tgz#5f69b813376cee4fd0474a3aba835df04ab763b7"
  integrity sha512-SSG5xmZh1mkPGyKzjZP8zLjltIfpW32Y5QpdNJyjcfGxK3qo3NDDkZOZSFiGn1A6SclQxY9GzEwAHQ3dmYRWpg==

typescript@^3.4.3:
  version "3.5.2"
  resolved "https://registry.yarnpkg.com/typescript/-/typescript-3.5.2.tgz#a09e1dc69bc9551cadf17dba10ee42cf55e5d56c"
  integrity sha512-7KxJovlYhTX5RaRbUdkAXN1KUZ8PwWlTzQdHV6xNqvuFOs7+WBo10TQUqT19Q/Jz2hk5v9TQDIhyLhhJY4p5AA==
